// !$*UTF8*$!
{
	archiveVersion = 1;
	classes = {
	};
	objectVersion = 46;
	objects = {

/* Begin PBXFileReference section */
		885D428E1950957E00C61E75 /* .DS_Store */ = {isa = PBXFileReference; lastKnownFileType = file; path = .DS_Store; sourceTree = "<group>"; };
		885D428F1950957E00C61E75 /* common.h */ = {isa = PBXFileReference; lastKnownFileType = sourcecode.c.h; path = common.h; sourceTree = "<group>"; };
		885D42901950957E00C61E75 /* drivers */ = {isa = PBXFileReference; lastKnownFileType = folder; path = drivers; sourceTree = "<group>"; };
		885D42911950957E00C61E75 /* m */ = {isa = PBXFileReference; lastKnownFileType = text; path = m; sourceTree = "<group>"; };
		885D42921950957E00C61E75 /* main.c */ = {isa = PBXFileReference; lastKnownFileType = sourcecode.c.c; path = main.c; sourceTree = "<group>"; };
		885D42931950957E00C61E75 /* Makefile */ = {isa = PBXFileReference; lastKnownFileType = sourcecode.make; path = Makefile; sourceTree = "<group>"; };
		88F23DDE1958EBC300F55181 /* twi.c */ = {isa = PBXFileReference; fileEncoding = 4; lastKnownFileType = sourcecode.c.c; path = twi.c; sourceTree = "<group>"; };
		88F23DDF1958EBC300F55181 /* twi.h */ = {isa = PBXFileReference; fileEncoding = 4; lastKnownFileType = sourcecode.c.h; path = twi.h; sourceTree = "<group>"; };
		88F23DE1195A23F900F55181 /* status.c */ = {isa = PBXFileReference; lastKnownFileType = sourcecode.c.c; path = status.c; sourceTree = "<group>"; };
		88F23DE2195A23F900F55181 /* status.h */ = {isa = PBXFileReference; lastKnownFileType = sourcecode.c.h; path = status.h; sourceTree = "<group>"; };
		88F23DE3195A23F900F55181 /* switch.c */ = {isa = PBXFileReference; lastKnownFileType = sourcecode.c.c; path = switch.c; sourceTree = "<group>"; };
		88F23DE4195A23F900F55181 /* switch.h */ = {isa = PBXFileReference; lastKnownFileType = sourcecode.c.h; path = switch.h; sourceTree = "<group>"; };
		88F23DE9195A253B00F55181 /* uart.c */ = {isa = PBXFileReference; lastKnownFileType = sourcecode.c.c; path = uart.c; sourceTree = "<group>"; };
		88F23DEA195A253B00F55181 /* uart.h */ = {isa = PBXFileReference; lastKnownFileType = sourcecode.c.h; path = uart.h; sourceTree = "<group>"; };
/* End PBXFileReference section */

/* Begin PBXGroup section */
		885D42881950957E00C61E75 = {
			isa = PBXGroup;
			children = (
				885D428E1950957E00C61E75 /* .DS_Store */,
				885D428F1950957E00C61E75 /* common.h */,
				885D42901950957E00C61E75 /* drivers */,
				885D42911950957E00C61E75 /* m */,
				885D42921950957E00C61E75 /* main.c */,
				885D42931950957E00C61E75 /* Makefile */,
				88F23DE9195A253B00F55181 /* uart.c */,
				88F23DEA195A253B00F55181 /* uart.h */,
				88F23DDE1958EBC300F55181 /* twi.c */,
				88F23DDF1958EBC300F55181 /* twi.h */,
				88F23DE0195A23F900F55181 /* unused */,
			);
			sourceTree = "<group>";
		};
		88F23DE0195A23F900F55181 /* unused */ = {
			isa = PBXGroup;
			children = (
				88F23DE1195A23F900F55181 /* status.c */,
				88F23DE2195A23F900F55181 /* status.h */,
				88F23DE3195A23F900F55181 /* switch.c */,
				88F23DE4195A23F900F55181 /* switch.h */,
			);
			path = unused;
			sourceTree = "<group>";
		};
/* End PBXGroup section */

/* Begin PBXLegacyTarget section */
		885D428D1950957E00C61E75 /* firmware */ = {
			isa = PBXLegacyTarget;
			buildArgumentsString = "$(ACTION)";
			buildConfigurationList = 885D42961950957E00C61E75 /* Build configuration list for PBXLegacyTarget "firmware" */;
			buildPhases = (
			);
			buildToolPath = /usr/bin/make;
			buildWorkingDirectory = "/Users/maximo/Desktop/embebidos 2/embebidos/firmware";
			dependencies = (
			);
			name = firmware;
			passBuildSettingsInEnvironment = 1;
			productName = firmware;
		};
/* End PBXLegacyTarget section */

/* Begin PBXProject section */
		885D42891950957E00C61E75 /* Project object */ = {
			isa = PBXProject;
			attributes = {
			};
			buildConfigurationList = 885D428C1950957E00C61E75 /* Build configuration list for PBXProject "firmware" */;
			compatibilityVersion = "Xcode 3.2";
			developmentRegion = English;
			hasScannedForEncodings = 0;
			knownRegions = (
				en,
			);
			mainGroup = 885D42881950957E00C61E75;
			projectDirPath = "";
			projectRoot = "";
			targets = (
				885D428D1950957E00C61E75 /* firmware */,
			);
		};
/* End PBXProject section */

/* Begin XCBuildConfiguration section */
		885D428A1950957E00C61E75 /* Debug */ = {
			isa = XCBuildConfiguration;
			buildSettings = {
				ARCHS = "$(ARCHS_STANDARD_32_BIT)";
				COPY_PHASE_STRIP = NO;
				GCC_WARN_ABOUT_RETURN_TYPE = YES;
				GCC_WARN_UNUSED_VARIABLE = YES;
				ONLY_ACTIVE_ARCH = YES;
				SDKROOT = macosx10.6;
			};
			name = Debug;
		};
		885D428B1950957E00C61E75 /* Release */ = {
			isa = XCBuildConfiguration;
			buildSettings = {
				ARCHS = "$(ARCHS_STANDARD_32_BIT)";
				COPY_PHASE_STRIP = YES;
				GCC_WARN_ABOUT_RETURN_TYPE = YES;
				GCC_WARN_UNUSED_VARIABLE = YES;
				SDKROOT = macosx10.6;
			};
			name = Release;
		};
		885D42971950957E00C61E75 /* Debug */ = {
			isa = XCBuildConfiguration;
			buildSettings = {
				COPY_PHASE_STRIP = NO;
				DEBUGGING_SYMBOLS = YES;
				GCC_DYNAMIC_NO_PIC = NO;
				GCC_ENABLE_FIX_AND_CONTINUE = YES;
				GCC_GENERATE_DEBUGGING_SYMBOLS = YES;
				GCC_OPTIMIZATION_LEVEL = 0;
				OTHER_CFLAGS = "";
				OTHER_LDFLAGS = "";
				PRODUCT_NAME = firmware;
			};
			name = Debug;
		};
		885D42981950957E00C61E75 /* Release */ = {
			isa = XCBuildConfiguration;
			buildSettings = {
				COPY_PHASE_STRIP = YES;
				DEBUG_INFORMATION_FORMAT = "dwarf-with-dsym";
				GCC_ENABLE_FIX_AND_CONTINUE = NO;
				OTHER_CFLAGS = "";
				OTHER_LDFLAGS = "";
				PRODUCT_NAME = firmware;
			};
			name = Release;
		};
/* End XCBuildConfiguration section */

/* Begin XCConfigurationList section */
		885D428C1950957E00C61E75 /* Build configuration list for PBXProject "firmware" */ = {
			isa = XCConfigurationList;
			buildConfigurations = (
				885D428A1950957E00C61E75 /* Debug */,
				885D428B1950957E00C61E75 /* Release */,
			);
			defaultConfigurationIsVisible = 0;
			defaultConfigurationName = Release;
		};
		885D42961950957E00C61E75 /* Build configuration list for PBXLegacyTarget "firmware" */ = {
			isa = XCConfigurationList;
			buildConfigurations = (
				885D42971950957E00C61E75 /* Debug */,
				885D42981950957E00C61E75 /* Release */,
			);
			defaultConfigurationIsVisible = 0;
			defaultConfigurationName = Release;
		};
/* End XCConfigurationList section */
	};
	rootObject = 885D42891950957E00C61E75 /* Project object */;
}
